
Microsoft Visual Studio Solution File, Format Version 11.00
# Visual Studio 2010
Project("{FAE04EC0-301F-11D3-BF4B-00C04F79EFBC}") = "ProductModule", "ProductModule\ProductModule.csproj", "{872628EE-B6B5-4AF2-A44B-AC70129DD9B5}"
EndProject
Project("{FAE04EC0-301F-11D3-BF4B-00C04F79EFBC}") = "Business", "Business\Business.csproj", "{EA791D37-DC07-4C95-B689-E186026C4F5C}"
EndProject
Project("{FAE04EC0-301F-11D3-BF4B-00C04F79EFBC}") = "Data", "Data\Data.csproj", "{1EDC2D63-DF03-49A5-808D-B3011EE36389}"
EndProject
Global
	GlobalSection(SolutionConfigurationPlatforms) = preSolution
		Debug|Any CPU = Debug|Any CPU
		Release|Any CPU = Release|Any CPU
	EndGlobalSection
	GlobalSection(ProjectConfigurationPlatforms) = postSolution
		{872628EE-B6B5-4AF2-A44B-AC70129DD9B5}.Debug|Any CPU.ActiveCfg = Debug|Any CPU
		{872628EE-B6B5-4AF2-A44B-AC70129DD9B5}.Debug|Any CPU.Build.0 = Debug|Any CPU
		{872628EE-B6B5-4AF2-A44B-AC70129DD9B5}.Release|Any CPU.ActiveCfg = Release|Any CPU
		{872628EE-B6B5-4AF2-A44B-AC70129DD9B5}.Release|Any CPU.Build.0 = Release|Any CPU
		{EA791D37-DC07-4C95-B689-E186026C4F5C}.Debug|Any CPU.ActiveCfg = Debug|Any CPU
		{EA791D37-DC07-4C95-B689-E186026C4F5C}.Debug|Any CPU.Build.0 = Debug|Any CPU
		{EA791D37-DC07-4C95-B689-E186026C4F5C}.Release|Any CPU.ActiveCfg = Release|Any CPU
		{EA791D37-DC07-4C95-B689-E186026C4F5C}.Release|Any CPU.Build.0 = Release|Any CPU
		{1EDC2D63-DF03-49A5-808D-B3011EE36389}.Debug|Any CPU.ActiveCfg = Debug|Any CPU
		{1EDC2D63-DF03-49A5-808D-B3011EE36389}.Debug|Any CPU.Build.0 = Debug|Any CPU
		{1EDC2D63-DF03-49A5-808D-B3011EE36389}.Release|Any CPU.ActiveCfg = Release|Any CPU
		{1EDC2D63-DF03-49A5-808D-B3011EE36389}.Release|Any CPU.Build.0 = Release|Any CPU
	EndGlobalSection
	GlobalSection(SolutionProperties) = preSolution
		HideSolutionNode = FALSE
	EndGlobalSection
EndGlobal
